{
  "requires": true,
  "lockfileVersion": 1,
  "dependencies": {
    "@types/angular": {
      "version": "1.6.50",
      "resolved": "https://registry.npmjs.org/@types/angular/-/angular-1.6.50.tgz",
      "integrity": "sha512-D3KB0PdaxdwtA44yOpK+NtptTscKWgUzXmf8fiLaaVxnX+b7QQ+dUMsyeVDweCQ6VX4PMwkd6x2hJ0X+ISIsoQ=="
    },
    "jquery": {
      "version": "3.3.1",
      "resolved": "https://registry.npmjs.org/jquery/-/jquery-3.3.1.tgz",
      "integrity": "sha512-Ubldcmxp5np52/ENotGxlLe6aGMvmF4R8S6tZjsP6Knsaxd/xp3Zrh50cG93lR6nPXyUFwzN3ZSOQI0wRJNdGg=="
    }
  }
}
